
Microsoft Visual Studio Solution File, Format Version 12.00
Project("{2150E333-8FDC-42A3-9474-1A3956D46DE8}") = "src", "src", "{827E0CD3-B72D-47B6-A68D-7590B98EB39B}"
EndProject
Project("{FAE04EC0-301F-11D3-BF4B-00C04F79EFBC}") = "Foldora.Core", "src\Foldora.Core\Foldora.Core.csproj", "{7D17D5A9-A5B8-4BEA-AD7D-E01757F6A2EB}"
EndProject
Project("{FAE04EC0-301F-11D3-BF4B-00C04F79EFBC}") = "Foldora.Shell", "src\Foldora.Shell\Foldora.Shell.csproj", "{AAFF31C9-70F9-4292-81E6-5DDDFC8D79A4}"
EndProject
Project("{FAE04EC0-301F-11D3-BF4B-00C04F79EFBC}") = "Foldora.Cli", "src\Foldora.Cli\Foldora.Cli.csproj", "{78F3DEB2-E127-4A5C-8638-D197B37FCF77}"
EndProject
Project("{FAE04EC0-301F-11D3-BF4B-00C04F79EFBC}") = "Foldora.App", "src\Foldora.App\Foldora.App.csproj", "{E723BAFD-9247-479A-80E9-FEFB64B9398B}"
EndProject
Project("{2150E333-8FDC-42A3-9474-1A3956D46DE8}") = "tests", "tests", "{0AB3BF05-4346-4AA6-1389-037BE0695223}"
EndProject
Project("{FAE04EC0-301F-11D3-BF4B-00C04F79EFBC}") = "Foldora.Tests", "tests\Foldora.Tests\Foldora.Tests.csproj", "{493AAC05-5FF6-44E1-9FE2-B044EC1C6C76}"
EndProject
Project("{FAE04EC0-301F-11D3-BF4B-00C04F79EFBC}") = "Foldora.MenuHost", "src\Foldora.MenuHost\Foldora.MenuHost.csproj", "{74FE4E34-3532-40D5-B8F7-40FC3D6176FC}"
EndProject
Project("{FAE04EC0-301F-11D3-BF4B-00C04F79EFBC}") = "Foldora.Imaging", "src\Foldora.Imaging\Foldora.Imaging.csproj", "{1BC50837-CCEF-46F8-A644-AF723C0A2F25}"
EndProject
Project("{FAE04EC0-301F-11D3-BF4B-00C04F79EFBC}") = "Foldora.Imaging.Windows", "src\Foldora.Imaging.Windows\Foldora.Imaging.Windows.csproj", "{B1494906-58DA-40CF-8A43-483BE601F985}"
EndProject
Global
	GlobalSection(SolutionConfigurationPlatforms) = preSolution
		Debug|Any CPU = Debug|Any CPU
		Debug|x64 = Debug|x64
		Debug|x86 = Debug|x86
		Release|Any CPU = Release|Any CPU
		Release|x64 = Release|x64
		Release|x86 = Release|x86
	EndGlobalSection
	GlobalSection(ProjectConfigurationPlatforms) = postSolution
		{7D17D5A9-A5B8-4BEA-AD7D-E01757F6A2EB}.Debug|Any CPU.ActiveCfg = Debug|Any CPU
		{7D17D5A9-A5B8-4BEA-AD7D-E01757F6A2EB}.Debug|Any CPU.Build.0 = Debug|Any CPU
		{7D17D5A9-A5B8-4BEA-AD7D-E01757F6A2EB}.Debug|x64.ActiveCfg = Debug|Any CPU
		{7D17D5A9-A5B8-4BEA-AD7D-E01757F6A2EB}.Debug|x64.Build.0 = Debug|Any CPU
		{7D17D5A9-A5B8-4BEA-AD7D-E01757F6A2EB}.Debug|x86.ActiveCfg = Debug|Any CPU
		{7D17D5A9-A5B8-4BEA-AD7D-E01757F6A2EB}.Debug|x86.Build.0 = Debug|Any CPU
		{7D17D5A9-A5B8-4BEA-AD7D-E01757F6A2EB}.Release|Any CPU.ActiveCfg = Release|Any CPU
		{7D17D5A9-A5B8-4BEA-AD7D-E01757F6A2EB}.Release|Any CPU.Build.0 = Release|Any CPU
		{7D17D5A9-A5B8-4BEA-AD7D-E01757F6A2EB}.Release|x64.ActiveCfg = Release|Any CPU
		{7D17D5A9-A5B8-4BEA-AD7D-E01757F6A2EB}.Release|x64.Build.0 = Release|Any CPU
		{7D17D5A9-A5B8-4BEA-AD7D-E01757F6A2EB}.Release|x86.ActiveCfg = Release|Any CPU
		{7D17D5A9-A5B8-4BEA-AD7D-E01757F6A2EB}.Release|x86.Build.0 = Release|Any CPU
		{AAFF31C9-70F9-4292-81E6-5DDDFC8D79A4}.Debug|Any CPU.ActiveCfg = Debug|Any CPU
		{AAFF31C9-70F9-4292-81E6-5DDDFC8D79A4}.Debug|Any CPU.Build.0 = Debug|Any CPU
		{AAFF31C9-70F9-4292-81E6-5DDDFC8D79A4}.Debug|x64.ActiveCfg = Debug|Any CPU
		{AAFF31C9-70F9-4292-81E6-5DDDFC8D79A4}.Debug|x64.Build.0 = Debug|Any CPU
		{AAFF31C9-70F9-4292-81E6-5DDDFC8D79A4}.Debug|x86.ActiveCfg = Debug|Any CPU
		{AAFF31C9-70F9-4292-81E6-5DDDFC8D79A4}.Debug|x86.Build.0 = Debug|Any CPU
		{AAFF31C9-70F9-4292-81E6-5DDDFC8D79A4}.Release|Any CPU.ActiveCfg = Release|Any CPU
		{AAFF31C9-70F9-4292-81E6-5DDDFC8D79A4}.Release|Any CPU.Build.0 = Release|Any CPU
		{AAFF31C9-70F9-4292-81E6-5DDDFC8D79A4}.Release|x64.ActiveCfg = Release|Any CPU
		{AAFF31C9-70F9-4292-81E6-5DDDFC8D79A4}.Release|x64.Build.0 = Release|Any CPU
		{AAFF31C9-70F9-4292-81E6-5DDDFC8D79A4}.Release|x86.ActiveCfg = Release|Any CPU
		{AAFF31C9-70F9-4292-81E6-5DDDFC8D79A4}.Release|x86.Build.0 = Release|Any CPU
		{78F3DEB2-E127-4A5C-8638-D197B37FCF77}.Debug|Any CPU.ActiveCfg = Debug|Any CPU
		{78F3DEB2-E127-4A5C-8638-D197B37FCF77}.Debug|Any CPU.Build.0 = Debug|Any CPU
		{78F3DEB2-E127-4A5C-8638-D197B37FCF77}.Debug|x64.ActiveCfg = Debug|Any CPU
		{78F3DEB2-E127-4A5C-8638-D197B37FCF77}.Debug|x64.Build.0 = Debug|Any CPU
		{78F3DEB2-E127-4A5C-8638-D197B37FCF77}.Debug|x86.ActiveCfg = Debug|Any CPU
		{78F3DEB2-E127-4A5C-8638-D197B37FCF77}.Debug|x86.Build.0 = Debug|Any CPU
		{78F3DEB2-E127-4A5C-8638-D197B37FCF77}.Release|Any CPU.ActiveCfg = Release|Any CPU
		{78F3DEB2-E127-4A5C-8638-D197B37FCF77}.Release|Any CPU.Build.0 = Release|Any CPU
		{78F3DEB2-E127-4A5C-8638-D197B37FCF77}.Release|x64.ActiveCfg = Release|Any CPU
		{78F3DEB2-E127-4A5C-8638-D197B37FCF77}.Release|x64.Build.0 = Release|Any CPU
		{78F3DEB2-E127-4A5C-8638-D197B37FCF77}.Release|x86.ActiveCfg = Release|Any CPU
		{78F3DEB2-E127-4A5C-8638-D197B37FCF77}.Release|x86.Build.0 = Release|Any CPU
		{E723BAFD-9247-479A-80E9-FEFB64B9398B}.Debug|Any CPU.ActiveCfg = Debug|Any CPU
		{E723BAFD-9247-479A-80E9-FEFB64B9398B}.Debug|Any CPU.Build.0 = Debug|Any CPU
		{E723BAFD-9247-479A-80E9-FEFB64B9398B}.Debug|x64.ActiveCfg = Debug|Any CPU
		{E723BAFD-9247-479A-80E9-FEFB64B9398B}.Debug|x64.Build.0 = Debug|Any CPU
		{E723BAFD-9247-479A-80E9-FEFB64B9398B}.Debug|x86.ActiveCfg = Debug|Any CPU
		{E723BAFD-9247-479A-80E9-FEFB64B9398B}.Debug|x86.Build.0 = Debug|Any CPU
		{E723BAFD-9247-479A-80E9-FEFB64B9398B}.Release|Any CPU.ActiveCfg = Release|Any CPU
		{E723BAFD-9247-479A-80E9-FEFB64B9398B}.Release|Any CPU.Build.0 = Release|Any CPU
		{E723BAFD-9247-479A-80E9-FEFB64B9398B}.Release|x64.ActiveCfg = Release|Any CPU
		{E723BAFD-9247-479A-80E9-FEFB64B9398B}.Release|x64.Build.0 = Release|Any CPU
		{E723BAFD-9247-479A-80E9-FEFB64B9398B}.Release|x86.ActiveCfg = Release|Any CPU
		{E723BAFD-9247-479A-80E9-FEFB64B9398B}.Release|x86.Build.0 = Release|Any CPU
		{493AAC05-5FF6-44E1-9FE2-B044EC1C6C76}.Debug|Any CPU.ActiveCfg = Debug|Any CPU
		{493AAC05-5FF6-44E1-9FE2-B044EC1C6C76}.Debug|Any CPU.Build.0 = Debug|Any CPU
		{493AAC05-5FF6-44E1-9FE2-B044EC1C6C76}.Debug|x64.ActiveCfg = Debug|Any CPU
		{493AAC05-5FF6-44E1-9FE2-B044EC1C6C76}.Debug|x64.Build.0 = Debug|Any CPU
		{493AAC05-5FF6-44E1-9FE2-B044EC1C6C76}.Debug|x86.ActiveCfg = Debug|Any CPU
		{493AAC05-5FF6-44E1-9FE2-B044EC1C6C76}.Debug|x86.Build.0 = Debug|Any CPU
		{493AAC05-5FF6-44E1-9FE2-B044EC1C6C76}.Release|Any CPU.ActiveCfg = Release|Any CPU
		{493AAC05-5FF6-44E1-9FE2-B044EC1C6C76}.Release|Any CPU.Build.0 = Release|Any CPU
		{493AAC05-5FF6-44E1-9FE2-B044EC1C6C76}.Release|x64.ActiveCfg = Release|Any CPU
		{493AAC05-5FF6-44E1-9FE2-B044EC1C6C76}.Release|x64.Build.0 = Release|Any CPU
		{493AAC05-5FF6-44E1-9FE2-B044EC1C6C76}.Release|x86.ActiveCfg = Release|Any CPU
		{493AAC05-5FF6-44E1-9FE2-B044EC1C6C76}.Release|x86.Build.0 = Release|Any CPU
		{74FE4E34-3532-40D5-B8F7-40FC3D6176FC}.Debug|Any CPU.ActiveCfg = Debug|Any CPU
		{74FE4E34-3532-40D5-B8F7-40FC3D6176FC}.Debug|Any CPU.Build.0 = Debug|Any CPU
		{74FE4E34-3532-40D5-B8F7-40FC3D6176FC}.Debug|x64.ActiveCfg = Debug|Any CPU
		{74FE4E34-3532-40D5-B8F7-40FC3D6176FC}.Debug|x64.Build.0 = Debug|Any CPU
		{74FE4E34-3532-40D5-B8F7-40FC3D6176FC}.Debug|x86.ActiveCfg = Debug|Any CPU
		{74FE4E34-3532-40D5-B8F7-40FC3D6176FC}.Debug|x86.Build.0 = Debug|Any CPU
		{74FE4E34-3532-40D5-B8F7-40FC3D6176FC}.Release|Any CPU.ActiveCfg = Release|Any CPU
		{74FE4E34-3532-40D5-B8F7-40FC3D6176FC}.Release|Any CPU.Build.0 = Release|Any CPU
		{74FE4E34-3532-40D5-B8F7-40FC3D6176FC}.Release|x64.ActiveCfg = Release|Any CPU
		{74FE4E34-3532-40D5-B8F7-40FC3D6176FC}.Release|x64.Build.0 = Release|Any CPU
		{74FE4E34-3532-40D5-B8F7-40FC3D6176FC}.Release|x86.ActiveCfg = Release|Any CPU
		{74FE4E34-3532-40D5-B8F7-40FC3D6176FC}.Release|x86.Build.0 = Release|Any CPU
		{1BC50837-CCEF-46F8-A644-AF723C0A2F25}.Debug|Any CPU.ActiveCfg = Debug|Any CPU
		{1BC50837-CCEF-46F8-A644-AF723C0A2F25}.Debug|Any CPU.Build.0 = Debug|Any CPU
		{1BC50837-CCEF-46F8-A644-AF723C0A2F25}.Debug|x64.ActiveCfg = Debug|Any CPU
		{1BC50837-CCEF-46F8-A644-AF723C0A2F25}.Debug|x64.Build.0 = Debug|Any CPU
		{1BC50837-CCEF-46F8-A644-AF723C0A2F25}.Debug|x86.ActiveCfg = Debug|Any CPU
		{1BC50837-CCEF-46F8-A644-AF723C0A2F25}.Debug|x86.Build.0 = Debug|Any CPU
		{1BC50837-CCEF-46F8-A644-AF723C0A2F25}.Release|Any CPU.ActiveCfg = Release|Any CPU
		{1BC50837-CCEF-46F8-A644-AF723C0A2F25}.Release|Any CPU.Build.0 = Release|Any CPU
		{1BC50837-CCEF-46F8-A644-AF723C0A2F25}.Release|x64.ActiveCfg = Release|Any CPU
		{1BC50837-CCEF-46F8-A644-AF723C0A2F25}.Release|x64.Build.0 = Release|Any CPU
		{1BC50837-CCEF-46F8-A644-AF723C0A2F25}.Release|x86.ActiveCfg = Release|Any CPU
		{1BC50837-CCEF-46F8-A644-AF723C0A2F25}.Release|x86.Build.0 = Release|Any CPU
		{B1494906-58DA-40CF-8A43-483BE601F985}.Debug|Any CPU.ActiveCfg = Debug|Any CPU
		{B1494906-58DA-40CF-8A43-483BE601F985}.Debug|Any CPU.Build.0 = Debug|Any CPU
		{B1494906-58DA-40CF-8A43-483BE601F985}.Debug|x64.ActiveCfg = Debug|Any CPU
		{B1494906-58DA-40CF-8A43-483BE601F985}.Debug|x64.Build.0 = Debug|Any CPU
		{B1494906-58DA-40CF-8A43-483BE601F985}.Debug|x86.ActiveCfg = Debug|Any CPU
		{B1494906-58DA-40CF-8A43-483BE601F985}.Debug|x86.Build.0 = Debug|Any CPU
		{B1494906-58DA-40CF-8A43-483BE601F985}.Release|Any CPU.ActiveCfg = Release|Any CPU
		{B1494906-58DA-40CF-8A43-483BE601F985}.Release|Any CPU.Build.0 = Release|Any CPU
		{B1494906-58DA-40CF-8A43-483BE601F985}.Release|x64.ActiveCfg = Release|Any CPU
		{B1494906-58DA-40CF-8A43-483BE601F985}.Release|x64.Build.0 = Release|Any CPU
		{B1494906-58DA-40CF-8A43-483BE601F985}.Release|x86.ActiveCfg = Release|Any CPU
		{B1494906-58DA-40CF-8A43-483BE601F985}.Release|x86.Build.0 = Release|Any CPU
	EndGlobalSection
	GlobalSection(SolutionProperties) = preSolution
		HideSolutionNode = FALSE
	EndGlobalSection
	GlobalSection(NestedProjects) = preSolution
		{7D17D5A9-A5B8-4BEA-AD7D-E01757F6A2EB} = {827E0CD3-B72D-47B6-A68D-7590B98EB39B}
		{AAFF31C9-70F9-4292-81E6-5DDDFC8D79A4} = {827E0CD3-B72D-47B6-A68D-7590B98EB39B}
		{78F3DEB2-E127-4A5C-8638-D197B37FCF77} = {827E0CD3-B72D-47B6-A68D-7590B98EB39B}
		{E723BAFD-9247-479A-80E9-FEFB64B9398B} = {827E0CD3-B72D-47B6-A68D-7590B98EB39B}
		{493AAC05-5FF6-44E1-9FE2-B044EC1C6C76} = {0AB3BF05-4346-4AA6-1389-037BE0695223}
		{74FE4E34-3532-40D5-B8F7-40FC3D6176FC} = {827E0CD3-B72D-47B6-A68D-7590B98EB39B}
		{1BC50837-CCEF-46F8-A644-AF723C0A2F25} = {827E0CD3-B72D-47B6-A68D-7590B98EB39B}
		{B1494906-58DA-40CF-8A43-483BE601F985} = {827E0CD3-B72D-47B6-A68D-7590B98EB39B}
	EndGlobalSection
EndGlobal
